<?xml version="1.0" encoding="UTF-8"?>
<Scheme
   version = "1.3">
   <BuildAction>
      <BuildActionEntries>
         <BuildActionEntry
            buildForRunning = "YES">
            <BuildableReference
               BuildableIdentifier = "primary"
               BlueprintIdentifier = "A3EA9720ECB4030C5197B3F0"
               BuildableName = "ScrollMenuBarDemo.app"
               BlueprintName = "ScrollMenuBarDemo"
               ReferencedContainer = "container:ScrollMenuBarDemo.xcodeproj">
            </BuildableReference>
         </BuildActionEntry>
      </BuildActionEntries>
   </BuildAction>
   <LaunchAction
      useCustomWorkingDirectory = "NO"
      buildConfiguration = "Debug">
      <BuildableProductRunnable>
         <BuildableReference
            BuildableIdentifier = "primary"
            BlueprintIdentifier = "A3EA9720ECB4030C5197B3F0"
            BuildableName = "ScrollMenuBarDemo.app"
            BlueprintName = "ScrollMenuBarDemo"
            ReferencedContainer = "container:ScrollMenuBarDemo.xcodeproj">
         </BuildableReference>
      </BuildableProductRunnable>
   </LaunchAction>
</Scheme>
